
Microsoft Visual Studio Solution File, Format Version 12.00
# Visual Studio 15
VisualStudioVersion = 15.0.28307.757
MinimumVisualStudioVersion = 10.0.40219.1
Project("{FAE04EC0-301F-11D3-BF4B-00C04F79EFBC}") = "DispositivosAsync", "DispositivosAsync\DispositivosAsync.csproj", "{3AB547F6-C0FA-49C2-AED0-3F87DC13DB63}"
EndProject
Global
	GlobalSection(SolutionConfigurationPlatforms) = preSolution
		Debug|Any CPU = Debug|Any CPU
		Release|Any CPU = Release|Any CPU
	EndGlobalSection
	GlobalSection(ProjectConfigurationPlatforms) = postSolution
		{3AB547F6-C0FA-49C2-AED0-3F87DC13DB63}.Debug|Any CPU.ActiveCfg = Debug|Any CPU
		{3AB547F6-C0FA-49C2-AED0-3F87DC13DB63}.Debug|Any CPU.Build.0 = Debug|Any CPU
		{3AB547F6-C0FA-49C2-AED0-3F87DC13DB63}.Release|Any CPU.ActiveCfg = Release|Any CPU
		{3AB547F6-C0FA-49C2-AED0-3F87DC13DB63}.Release|Any CPU.Build.0 = Release|Any CPU
	EndGlobalSection
	GlobalSection(SolutionProperties) = preSolution
		HideSolutionNode = FALSE
	EndGlobalSection
	GlobalSection(ExtensibilityGlobals) = postSolution
		SolutionGuid = {68618D59-0EDD-4F70-9F20-423A45547C61}
	EndGlobalSection
EndGlobal
